Microsoft Visual Studio Solution File, Format Version 11.00
# Visual Studio 2008

Project("{2FE81296-5DAF-E16B-1359-B3F7BF2A37B4}") = "Hero Escape 2D", "Assembly-CSharp.csproj", "{0D678167-03F0-0A7C-133A-87E0F9D97C0B}"
EndProject
Global
	GlobalSection(SolutionConfigurationPlatforms) = preSolution
		Debug|Any CPU = Debug|Any CPU
		Release|Any CPU = Release|Any CPU
	EndGlobalSection
	GlobalSection(ProjectConfigurationPlatforms) = postSolution
		{0D678167-03F0-0A7C-133A-87E0F9D97C0B}.Debug|Any CPU.ActiveCfg = Debug|Any CPU
		{0D678167-03F0-0A7C-133A-87E0F9D97C0B}.Debug|Any CPU.Build.0 = Debug|Any CPU
		{0D678167-03F0-0A7C-133A-87E0F9D97C0B}.Release|Any CPU.ActiveCfg = Release|Any CPU
		{0D678167-03F0-0A7C-133A-87E0F9D97C0B}.Release|Any CPU.Build.0 = Release|Any CPU
	EndGlobalSection
	GlobalSection(SolutionProperties) = preSolution
		HideSolutionNode = FALSE
	EndGlobalSection
	GlobalSection(MonoDevelopProperties) = preSolution
		StartupItem = Assembly-CSharp.csproj
	EndGlobalSection
EndGlobal
